
Microsoft Visual Studio Solution File, Format Version 12.00
# Visual Studio Version 17
VisualStudioVersion = 17.11.35312.102
MinimumVisualStudioVersion = 10.0.40219.1
Project("{FAE04EC0-301F-11D3-BF4B-00C04F79EFBC}") = "WPFBasic", "WPFBasic\WPFBasic.csproj", "{D4C7A21F-8692-461C-AF69-50D418E705CF}"
EndProject
Global
	GlobalSection(SolutionConfigurationPlatforms) = preSolution
		Debug|Any CPU = Debug|Any CPU
		Release|Any CPU = Release|Any CPU
	EndGlobalSection
	GlobalSection(ProjectConfigurationPlatforms) = postSolution
		{D4C7A21F-8692-461C-AF69-50D418E705CF}.Debug|Any CPU.ActiveCfg = Debug|Any CPU
		{D4C7A21F-8692-461C-AF69-50D418E705CF}.Debug|Any CPU.Build.0 = Debug|Any CPU
		{D4C7A21F-8692-461C-AF69-50D418E705CF}.Release|Any CPU.ActiveCfg = Release|Any CPU
		{D4C7A21F-8692-461C-AF69-50D418E705CF}.Release|Any CPU.Build.0 = Release|Any CPU
	EndGlobalSection
	GlobalSection(SolutionProperties) = preSolution
		HideSolutionNode = FALSE
	EndGlobalSection
	GlobalSection(ExtensibilityGlobals) = postSolution
		SolutionGuid = {7D4E59E1-F647-4DD7-8EE4-CB9119DBAE7D}
	EndGlobalSection
EndGlobal
